
Microsoft Visual Studio Solution File, Format Version 12.00
# Visual Studio Version 17
VisualStudioVersion = 17.9.34714.143
MinimumVisualStudioVersion = 10.0.40219.1
Project("{FAE04EC0-301F-11D3-BF4B-00C04F79EFBC}") = "kalkulator_walut", "kalkulator_walut.csproj", "{1FE49C1B-524D-47C5-ADA5-D7F25EFCDB74}"
EndProject
Global
	GlobalSection(SolutionConfigurationPlatforms) = preSolution
		Debug|Any CPU = Debug|Any CPU
		Release|Any CPU = Release|Any CPU
	EndGlobalSection
	GlobalSection(ProjectConfigurationPlatforms) = postSolution
		{1FE49C1B-524D-47C5-ADA5-D7F25EFCDB74}.Debug|Any CPU.ActiveCfg = Debug|Any CPU
		{1FE49C1B-524D-47C5-ADA5-D7F25EFCDB74}.Debug|Any CPU.Build.0 = Debug|Any CPU
		{1FE49C1B-524D-47C5-ADA5-D7F25EFCDB74}.Release|Any CPU.ActiveCfg = Release|Any CPU
		{1FE49C1B-524D-47C5-ADA5-D7F25EFCDB74}.Release|Any CPU.Build.0 = Release|Any CPU
	EndGlobalSection
	GlobalSection(SolutionProperties) = preSolution
		HideSolutionNode = FALSE
	EndGlobalSection
	GlobalSection(ExtensibilityGlobals) = postSolution
		SolutionGuid = {1ABFBC9F-D1DF-4080-85C9-0DED55E5E2BC}
	EndGlobalSection
EndGlobal
